
Microsoft Visual Studio Solution File, Format Version 12.00
# Visual Studio Version 17
VisualStudioVersion = 17.9.34607.119
MinimumVisualStudioVersion = 10.0.40219.1
Project("{FAE04EC0-301F-11D3-BF4B-00C04F79EFBC}") = "SeminarThird1450", "SeminarThird1450\SeminarThird1450.csproj", "{AE9E08EB-0B7E-4E9B-B4EB-5BE86EB564C8}"
EndProject
Global
	GlobalSection(SolutionConfigurationPlatforms) = preSolution
		Debug|Any CPU = Debug|Any CPU
		Release|Any CPU = Release|Any CPU
	EndGlobalSection
	GlobalSection(ProjectConfigurationPlatforms) = postSolution
		{AE9E08EB-0B7E-4E9B-B4EB-5BE86EB564C8}.Debug|Any CPU.ActiveCfg = Debug|Any CPU
		{AE9E08EB-0B7E-4E9B-B4EB-5BE86EB564C8}.Debug|Any CPU.Build.0 = Debug|Any CPU
		{AE9E08EB-0B7E-4E9B-B4EB-5BE86EB564C8}.Release|Any CPU.ActiveCfg = Release|Any CPU
		{AE9E08EB-0B7E-4E9B-B4EB-5BE86EB564C8}.Release|Any CPU.Build.0 = Release|Any CPU
	EndGlobalSection
	GlobalSection(SolutionProperties) = preSolution
		HideSolutionNode = FALSE
	EndGlobalSection
	GlobalSection(ExtensibilityGlobals) = postSolution
		SolutionGuid = {23240C00-6A49-4A3A-8F99-F555D22ED724}
	EndGlobalSection
EndGlobal
